# This file is autogenerated, do not edit; changes may be undone by the next 'dep ensure'.


[[projects]]
  digest = "1:c27bdb2238db9ca930a1cf22c442a2036b9e8e81e6409d5470b7ad336f4e9506"
  name = "github.com/mitchellh/go-wordwrap"
  packages = ["."]
  pruneopts = "UT"
  revision = "ecf0936a077a4bd73a1cc2ac5c370f2b55618d62"
  version = "v1.0.1"

[solve-meta]
  analyzer-name = "dep"
  analyzer-version = 1
  input-imports = ["github.com/mitchellh/go-wordwrap"]
  solver-name = "gps-cdcl"
  solver-version = 1
